
Microsoft Visual Studio Solution File, Format Version 12.00
# Visual Studio Version 16
VisualStudioVersion = 16.0.29609.76
MinimumVisualStudioVersion = 10.0.40219.1
Project("{9A19103F-16F7-4668-BE54-9A1E7A4F7556}") = "MBGenerator", "MBGenerator\MBGenerator.csproj", "{EA337662-0144-47E5-BC24-63F143447EAC}"
EndProject
Project("{E53339B2-1760-4266-BCC7-CA923CBCF16C}") = "docker-compose", "docker-compose.dcproj", "{272B7134-4E92-4990-8E7D-BD1330277AA3}"
EndProject
Project("{9A19103F-16F7-4668-BE54-9A1E7A4F7556}") = "MBImageBuilder", "MBImageBuilder\MBImageBuilder.csproj", "{333BF9B6-5847-474A-9855-BDEA32304EDA}"
EndProject
Project("{2150E333-8FDC-42A3-9474-1A3956D46DE8}") = "MongoInit", "MongoInit", "{5C18377D-C8C5-4521-84D6-FCBB6F2804BD}"
	ProjectSection(SolutionItems) = preProject
		MongoInit\initMongoUsers.js = MongoInit\initMongoUsers.js
	EndProjectSection
EndProject
Project("{2150E333-8FDC-42A3-9474-1A3956D46DE8}") = "HelmCharts", "HelmCharts", "{8AAE15B7-0E20-41AA-A578-E436B0B4EF81}"
	ProjectSection(SolutionItems) = preProject
		helmCharts\Charts\configmap-mongoinit.yaml = helmCharts\Charts\configmap-mongoinit.yaml
		helmCharts\Charts\Install notes.txt = helmCharts\Charts\Install notes.txt
	EndProjectSection
EndProject
Project("{2150E333-8FDC-42A3-9474-1A3956D46DE8}") = "mbgenerator", "mbgenerator", "{068C6EAC-DA77-4B84-A2C1-D66D06F77992}"
	ProjectSection(SolutionItems) = preProject
		helmCharts\Charts\mbgenerator\.helmignore = helmCharts\Charts\mbgenerator\.helmignore
		helmCharts\Charts\mbgenerator\Chart.yaml = helmCharts\Charts\mbgenerator\Chart.yaml
		helmCharts\Charts\mbgenerator\values.yaml = helmCharts\Charts\mbgenerator\values.yaml
	EndProjectSection
EndProject
Project("{2150E333-8FDC-42A3-9474-1A3956D46DE8}") = "charts", "charts", "{49E2EF5E-5937-4C56-8375-EF654CBB7E97}"
EndProject
Project("{2150E333-8FDC-42A3-9474-1A3956D46DE8}") = "templates", "templates", "{F2B5FCEB-708C-41B8-99E4-E0D897A0B5A0}"
	ProjectSection(SolutionItems) = preProject
		helmCharts\Charts\mbgenerator\templates\_helpers.tpl = helmCharts\Charts\mbgenerator\templates\_helpers.tpl
		helmCharts\Charts\mbgenerator\templates\deployment.yaml = helmCharts\Charts\mbgenerator\templates\deployment.yaml
		helmCharts\Charts\mbgenerator\templates\ingress.yaml = helmCharts\Charts\mbgenerator\templates\ingress.yaml
		helmCharts\Charts\mbgenerator\templates\kafka-net-networkpolicy.yaml = helmCharts\Charts\mbgenerator\templates\kafka-net-networkpolicy.yaml
		helmCharts\Charts\mbgenerator\templates\kafka-schema-registry-deployment.yaml = helmCharts\Charts\mbgenerator\templates\kafka-schema-registry-deployment.yaml
		helmCharts\Charts\mbgenerator\templates\kafka-schema-registry-service.yaml = helmCharts\Charts\mbgenerator\templates\kafka-schema-registry-service.yaml
		helmCharts\Charts\mbgenerator\templates\kafka-server1-deployment.yaml = helmCharts\Charts\mbgenerator\templates\kafka-server1-deployment.yaml
		helmCharts\Charts\mbgenerator\templates\kafka-server1-service.yaml = helmCharts\Charts\mbgenerator\templates\kafka-server1-service.yaml
		helmCharts\Charts\mbgenerator\templates\loadbalancer.yaml.txt = helmCharts\Charts\mbgenerator\templates\loadbalancer.yaml.txt
		helmCharts\Charts\mbgenerator\templates\mbgenerator-deployment.yaml = helmCharts\Charts\mbgenerator\templates\mbgenerator-deployment.yaml
		helmCharts\Charts\mbgenerator\templates\mbimagebuilder-deployment.yaml = helmCharts\Charts\mbgenerator\templates\mbimagebuilder-deployment.yaml
		helmCharts\Charts\mbgenerator\templates\mongodb-deployment.yaml = helmCharts\Charts\mbgenerator\templates\mongodb-deployment.yaml
		helmCharts\Charts\mbgenerator\templates\mongodb-service.yaml = helmCharts\Charts\mbgenerator\templates\mongodb-service.yaml
		helmCharts\Charts\mbgenerator\templates\service.yaml = helmCharts\Charts\mbgenerator\templates\service.yaml
		helmCharts\Charts\mbgenerator\templates\serviceaccount.yaml = helmCharts\Charts\mbgenerator\templates\serviceaccount.yaml
		helmCharts\Charts\mbgenerator\templates\zookeeper-server-deployment.yaml = helmCharts\Charts\mbgenerator\templates\zookeeper-server-deployment.yaml
		helmCharts\Charts\mbgenerator\templates\zookeeper-server-service.yaml = helmCharts\Charts\mbgenerator\templates\zookeeper-server-service.yaml
	EndProjectSection
EndProject
Project("{2150E333-8FDC-42A3-9474-1A3956D46DE8}") = "tests", "tests", "{A3AE72B7-3D9C-4252-B1A2-66AEA37E9D42}"
EndProject
Global
	GlobalSection(SolutionConfigurationPlatforms) = preSolution
		Debug|Any CPU = Debug|Any CPU
		Release|Any CPU = Release|Any CPU
	EndGlobalSection
	GlobalSection(ProjectConfigurationPlatforms) = postSolution
		{EA337662-0144-47E5-BC24-63F143447EAC}.Debug|Any CPU.ActiveCfg = Debug|Any CPU
		{EA337662-0144-47E5-BC24-63F143447EAC}.Debug|Any CPU.Build.0 = Debug|Any CPU
		{EA337662-0144-47E5-BC24-63F143447EAC}.Release|Any CPU.ActiveCfg = Release|Any CPU
		{EA337662-0144-47E5-BC24-63F143447EAC}.Release|Any CPU.Build.0 = Release|Any CPU
		{272B7134-4E92-4990-8E7D-BD1330277AA3}.Debug|Any CPU.ActiveCfg = Debug|Any CPU
		{272B7134-4E92-4990-8E7D-BD1330277AA3}.Debug|Any CPU.Build.0 = Debug|Any CPU
		{272B7134-4E92-4990-8E7D-BD1330277AA3}.Release|Any CPU.ActiveCfg = Release|Any CPU
		{272B7134-4E92-4990-8E7D-BD1330277AA3}.Release|Any CPU.Build.0 = Release|Any CPU
		{333BF9B6-5847-474A-9855-BDEA32304EDA}.Debug|Any CPU.ActiveCfg = Debug|Any CPU
		{333BF9B6-5847-474A-9855-BDEA32304EDA}.Debug|Any CPU.Build.0 = Debug|Any CPU
		{333BF9B6-5847-474A-9855-BDEA32304EDA}.Release|Any CPU.ActiveCfg = Release|Any CPU
		{333BF9B6-5847-474A-9855-BDEA32304EDA}.Release|Any CPU.Build.0 = Release|Any CPU
	EndGlobalSection
	GlobalSection(SolutionProperties) = preSolution
		HideSolutionNode = FALSE
	EndGlobalSection
	GlobalSection(NestedProjects) = preSolution
		{068C6EAC-DA77-4B84-A2C1-D66D06F77992} = {8AAE15B7-0E20-41AA-A578-E436B0B4EF81}
		{49E2EF5E-5937-4C56-8375-EF654CBB7E97} = {068C6EAC-DA77-4B84-A2C1-D66D06F77992}
		{F2B5FCEB-708C-41B8-99E4-E0D897A0B5A0} = {068C6EAC-DA77-4B84-A2C1-D66D06F77992}
		{A3AE72B7-3D9C-4252-B1A2-66AEA37E9D42} = {F2B5FCEB-708C-41B8-99E4-E0D897A0B5A0}
	EndGlobalSection
	GlobalSection(ExtensibilityGlobals) = postSolution
		SolutionGuid = {FEB3AA15-6A25-4385-8577-410D8082F4E9}
	EndGlobalSection
EndGlobal
